
Microsoft Visual Studio Solution File, Format Version 12.00
# Visual Studio Version 17
VisualStudioVersion = 17.8.34316.72
MinimumVisualStudioVersion = 10.0.40219.1
Project("{FAE04EC0-301F-11D3-BF4B-00C04F79EFBC}") = "GUI_assesment2", "GUI_assesment2.csproj", "{BAC556B2-89E9-4DC1-BC8D-1B97A3777BEC}"
EndProject
Global
	GlobalSection(SolutionConfigurationPlatforms) = preSolution
		Debug|Any CPU = Debug|Any CPU
		Release|Any CPU = Release|Any CPU
	EndGlobalSection
	GlobalSection(ProjectConfigurationPlatforms) = postSolution
		{BAC556B2-89E9-4DC1-BC8D-1B97A3777BEC}.Debug|Any CPU.ActiveCfg = Debug|Any CPU
		{BAC556B2-89E9-4DC1-BC8D-1B97A3777BEC}.Debug|Any CPU.Build.0 = Debug|Any CPU
		{BAC556B2-89E9-4DC1-BC8D-1B97A3777BEC}.Release|Any CPU.ActiveCfg = Release|Any CPU
		{BAC556B2-89E9-4DC1-BC8D-1B97A3777BEC}.Release|Any CPU.Build.0 = Release|Any CPU
	EndGlobalSection
	GlobalSection(SolutionProperties) = preSolution
		HideSolutionNode = FALSE
	EndGlobalSection
	GlobalSection(ExtensibilityGlobals) = postSolution
		SolutionGuid = {7BBD00F4-640F-4C48-80D1-48BECE4C49DE}
	EndGlobalSection
EndGlobal
